
Microsoft Visual Studio Solution File, Format Version 12.00
# Visual Studio Version 17
VisualStudioVersion = 17.12.35728.132 d17.12
MinimumVisualStudioVersion = 10.0.40219.1
Project("{FAE04EC0-301F-11D3-BF4B-00C04F79EFBC}") = "ETA25-Intermediate", "ETA25-Intermediate.csproj", "{950F81A2-6CE6-4A29-BC41-21978E5ADABD}"
EndProject
Global
	GlobalSection(SolutionConfigurationPlatforms) = preSolution
		Debug|Any CPU = Debug|Any CPU
		Release|Any CPU = Release|Any CPU
	EndGlobalSection
	GlobalSection(ProjectConfigurationPlatforms) = postSolution
		{950F81A2-6CE6-4A29-BC41-21978E5ADABD}.Debug|Any CPU.ActiveCfg = Debug|Any CPU
		{950F81A2-6CE6-4A29-BC41-21978E5ADABD}.Debug|Any CPU.Build.0 = Debug|Any CPU
		{950F81A2-6CE6-4A29-BC41-21978E5ADABD}.Release|Any CPU.ActiveCfg = Release|Any CPU
		{950F81A2-6CE6-4A29-BC41-21978E5ADABD}.Release|Any CPU.Build.0 = Release|Any CPU
	EndGlobalSection
	GlobalSection(SolutionProperties) = preSolution
		HideSolutionNode = FALSE
	EndGlobalSection
EndGlobal
